
Microsoft Visual Studio Solution File, Format Version 12.00
# Visual Studio Version 16
VisualStudioVersion = 16.0.29519.181
MinimumVisualStudioVersion = 10.0.40219.1
Project("{9A19103F-16F7-4668-BE54-9A1E7A4F7556}") = "T-API.Entity", "T-API.Entity\T-API.Entity.csproj", "{F777CDC1-E82A-4293-825A-09F12FA212F7}"
EndProject
Project("{9A19103F-16F7-4668-BE54-9A1E7A4F7556}") = "T-API.DAL", "T-API.DAL\T-API.DAL.csproj", "{7459F228-19DA-4859-803E-9E8098BAEDA7}"
EndProject
Project("{9A19103F-16F7-4668-BE54-9A1E7A4F7556}") = "T-API.BLL", "T-API.BLL\T-API.BLL.csproj", "{54AFAE0D-D3DE-4E53-8E65-9ADF1269FADF}"
EndProject
Project("{9A19103F-16F7-4668-BE54-9A1E7A4F7556}") = "T-API.Core", "T-API.Core\T-API.Core.csproj", "{B82E692E-1A62-4D44-AE1F-2B11EA295373}"
EndProject
Project("{9A19103F-16F7-4668-BE54-9A1E7A4F7556}") = "T-API.UI", "T-API.UI\T-API.UI.csproj", "{7299A960-61A5-4910-A34D-9100AD6DA4C0}"
EndProject
Project("{FAE04EC0-301F-11D3-BF4B-00C04F79EFBC}") = "T-API.SqlGenerator", "T-API.SqlGenerator\T-API.SqlGenerator.csproj", "{88733F50-7167-4DD1-97A1-3830BB6F8F20}"
EndProject
Global
	GlobalSection(SolutionConfigurationPlatforms) = preSolution
		Debug|Any CPU = Debug|Any CPU
		Release|Any CPU = Release|Any CPU
	EndGlobalSection
	GlobalSection(ProjectConfigurationPlatforms) = postSolution
		{F777CDC1-E82A-4293-825A-09F12FA212F7}.Debug|Any CPU.ActiveCfg = Debug|Any CPU
		{F777CDC1-E82A-4293-825A-09F12FA212F7}.Debug|Any CPU.Build.0 = Debug|Any CPU
		{F777CDC1-E82A-4293-825A-09F12FA212F7}.Release|Any CPU.ActiveCfg = Release|Any CPU
		{F777CDC1-E82A-4293-825A-09F12FA212F7}.Release|Any CPU.Build.0 = Release|Any CPU
		{7459F228-19DA-4859-803E-9E8098BAEDA7}.Debug|Any CPU.ActiveCfg = Debug|Any CPU
		{7459F228-19DA-4859-803E-9E8098BAEDA7}.Debug|Any CPU.Build.0 = Debug|Any CPU
		{7459F228-19DA-4859-803E-9E8098BAEDA7}.Release|Any CPU.ActiveCfg = Release|Any CPU
		{7459F228-19DA-4859-803E-9E8098BAEDA7}.Release|Any CPU.Build.0 = Release|Any CPU
		{54AFAE0D-D3DE-4E53-8E65-9ADF1269FADF}.Debug|Any CPU.ActiveCfg = Debug|Any CPU
		{54AFAE0D-D3DE-4E53-8E65-9ADF1269FADF}.Debug|Any CPU.Build.0 = Debug|Any CPU
		{54AFAE0D-D3DE-4E53-8E65-9ADF1269FADF}.Release|Any CPU.ActiveCfg = Release|Any CPU
		{54AFAE0D-D3DE-4E53-8E65-9ADF1269FADF}.Release|Any CPU.Build.0 = Release|Any CPU
		{B82E692E-1A62-4D44-AE1F-2B11EA295373}.Debug|Any CPU.ActiveCfg = Debug|Any CPU
		{B82E692E-1A62-4D44-AE1F-2B11EA295373}.Debug|Any CPU.Build.0 = Debug|Any CPU
		{B82E692E-1A62-4D44-AE1F-2B11EA295373}.Release|Any CPU.ActiveCfg = Release|Any CPU
		{B82E692E-1A62-4D44-AE1F-2B11EA295373}.Release|Any CPU.Build.0 = Release|Any CPU
		{7299A960-61A5-4910-A34D-9100AD6DA4C0}.Debug|Any CPU.ActiveCfg = Debug|Any CPU
		{7299A960-61A5-4910-A34D-9100AD6DA4C0}.Debug|Any CPU.Build.0 = Debug|Any CPU
		{7299A960-61A5-4910-A34D-9100AD6DA4C0}.Release|Any CPU.ActiveCfg = Release|Any CPU
		{7299A960-61A5-4910-A34D-9100AD6DA4C0}.Release|Any CPU.Build.0 = Release|Any CPU
		{88733F50-7167-4DD1-97A1-3830BB6F8F20}.Debug|Any CPU.ActiveCfg = Debug|Any CPU
		{88733F50-7167-4DD1-97A1-3830BB6F8F20}.Debug|Any CPU.Build.0 = Debug|Any CPU
		{88733F50-7167-4DD1-97A1-3830BB6F8F20}.Release|Any CPU.ActiveCfg = Release|Any CPU
		{88733F50-7167-4DD1-97A1-3830BB6F8F20}.Release|Any CPU.Build.0 = Release|Any CPU
	EndGlobalSection
	GlobalSection(SolutionProperties) = preSolution
		HideSolutionNode = FALSE
	EndGlobalSection
	GlobalSection(ExtensibilityGlobals) = postSolution
		SolutionGuid = {F9D2865F-B903-4543-9D3D-899643F5D292}
	EndGlobalSection
EndGlobal
